<?xml version="1.0" encoding="utf-8"?>
<Project ToolsVersion="4.0" xmlns="http://schemas.microsoft.com/developer/msbuild/2003">
  <ItemGroup>
    <Filter Include="Source Files">
      <UniqueIdentifier>{4FC737F1-C7A5-4376-A066-2A32D752A2FF}</UniqueIdentifier>
      <Extensions>cpp;c;cc;cxx;def;odl;idl;hpj;bat;asm;asmx</Extensions>
    </Filter>
    <Filter Include="Header Files">
      <UniqueIdentifier>{93995380-89BD-4b04-88EB-625FBE52EBFB}</UniqueIdentifier>
      <Extensions>h;hh;hpp;hxx;hm;inl;inc;xsd</Extensions>
    </Filter>
    <Filter Include="Resource Files">
      <UniqueIdentifier>{67DA6AB6-F800-4c08-8B7A-83BB121AAD01}</UniqueIdentifier>
      <Extensions>rc;ico;cur;bmp;dlg;rc2;rct;bin;rgs;gif;jpg;jpeg;jpe;resx;tiff;tif;png;wav;mfcribbon-ms</Extensions>
    </Filter>
    <Filter Include="Source Files\Files">
      <UniqueIdentifier>{3c326d70-6fb8-4847-bd81-7973e8b75af9}</UniqueIdentifier>
    </Filter>
    <Filter Include="Source Files\Common">
      <UniqueIdentifier>{5db4cfb0-9341-4d84-91c4-caad00627ad0}</UniqueIdentifier>
    </Filter>
    <Filter Include="Source Files\Server">
      <UniqueIdentifier>{34d40640-7904-4274-af9e-050506c588de}</UniqueIdentifier>
    </Filter>
    <Filter Include="Source Files\Network">
      <UniqueIdentifier>{1ff8d6be-8d5b-44c0-a985-358859ea22a3}</UniqueIdentifier>
    </Filter>
  </ItemGroup>
  <ItemGroup>
    <ClInclude Include="src\Common\Pool.h">
      <Filter>Source Files\Common</Filter>
    </ClInclude>
    <ClInclude Include="src\Common\Queue.h">
      <Filter>Source Files\Common</Filter>
    </ClInclude>
    <ClInclude Include="src\Files\Cache.h">
      <Filter>Source Files\Files</Filter>
    </ClInclude>
    <ClInclude Include="src\Files\General.h">
      <Filter>Source Files\Files</Filter>
    </ClInclude>
    <ClInclude Include="src\Server\Server.h">
      <Filter>Source Files\Server</Filter>
    </ClInclude>
    <ClInclude Include="src\Common\General.h">
      <Filter>Source Files\Common</Filter>
    </ClInclude>
    <ClInclude Include="src\Files\FilesPool.h">
      <Filter>Source Files\Files</Filter>
    </ClInclude>
    <ClInclude Include="src\Network\Session.h">
      <Filter>Source Files\Network</Filter>
    </ClInclude>
    <ClInclude Include="src\Network\Parser.h">
      <Filter>Source Files\Network</Filter>
    </ClInclude>
    <ClInclude Include="src\Network\NetPool.h">
      <Filter>Source Files\Network</Filter>
    </ClInclude>
    <ClInclude Include="src\Network\General.h">
      <Filter>Source Files\Network</Filter>
    </ClInclude>
    <ClInclude Include="src\Common\Config.h">
      <Filter>Source Files\Common</Filter>
    </ClInclude>
  </ItemGroup>
  <ItemGroup>
    <None Include="src\Common\Pool.inl">
      <Filter>Source Files\Common</Filter>
    </None>
    <None Include="src\Common\Queue.inl">
      <Filter>Source Files\Common</Filter>
    </None>
  </ItemGroup>
  <ItemGroup>
    <ClCompile Include="src\Files\Cache.cpp">
      <Filter>Source Files\Files</Filter>
    </ClCompile>
    <ClCompile Include="src\main.cpp">
      <Filter>Source Files</Filter>
    </ClCompile>
    <ClCompile Include="src\Server\Server.cpp">
      <Filter>Source Files\Server</Filter>
    </ClCompile>
    <ClCompile Include="src\Files\FilesPool.cpp">
      <Filter>Source Files\Files</Filter>
    </ClCompile>
    <ClCompile Include="src\Network\Session.cpp">
      <Filter>Source Files\Network</Filter>
    </ClCompile>
    <ClCompile Include="src\Network\Parser.cpp">
      <Filter>Source Files\Network</Filter>
    </ClCompile>
    <ClCompile Include="src\Network\NetPool.cpp">
      <Filter>Source Files\Network</Filter>
    </ClCompile>
    <ClCompile Include="src\Common\Config.cpp">
      <Filter>Source Files\Common</Filter>
    </ClCompile>
  </ItemGroup>
</Project>